
Microsoft Visual Studio Solution File, Format Version 12.00
# Visual Studio Version 16
VisualStudioVersion = 16.0.30711.63
MinimumVisualStudioVersion = 10.0.40219.1
Project("{9A19103F-16F7-4668-BE54-9A1E7A4F7556}") = "MrTab", "MrTab\MrTab.csproj", "{082F648D-7DA2-4BB4-A1CE-7A6444352400}"
EndProject
Project("{9A19103F-16F7-4668-BE54-9A1E7A4F7556}") = "DataLayer", "DataLayer\DataLayer.csproj", "{44FBC0E8-4E61-4FA2-BACD-7FA6E6D9D398}"
EndProject
Project("{9A19103F-16F7-4668-BE54-9A1E7A4F7556}") = "Services", "Services\Services.csproj", "{4BADD810-0852-4FD1-9602-BD1FEB14F583}"
EndProject
Global
	GlobalSection(SolutionConfigurationPlatforms) = preSolution
		Debug|Any CPU = Debug|Any CPU
		Release|Any CPU = Release|Any CPU
	EndGlobalSection
	GlobalSection(ProjectConfigurationPlatforms) = postSolution
		{082F648D-7DA2-4BB4-A1CE-7A6444352400}.Debug|Any CPU.ActiveCfg = Debug|Any CPU
		{082F648D-7DA2-4BB4-A1CE-7A6444352400}.Debug|Any CPU.Build.0 = Debug|Any CPU
		{082F648D-7DA2-4BB4-A1CE-7A6444352400}.Release|Any CPU.ActiveCfg = Release|Any CPU
		{082F648D-7DA2-4BB4-A1CE-7A6444352400}.Release|Any CPU.Build.0 = Release|Any CPU
		{44FBC0E8-4E61-4FA2-BACD-7FA6E6D9D398}.Debug|Any CPU.ActiveCfg = Debug|Any CPU
		{44FBC0E8-4E61-4FA2-BACD-7FA6E6D9D398}.Debug|Any CPU.Build.0 = Debug|Any CPU
		{44FBC0E8-4E61-4FA2-BACD-7FA6E6D9D398}.Release|Any CPU.ActiveCfg = Release|Any CPU
		{44FBC0E8-4E61-4FA2-BACD-7FA6E6D9D398}.Release|Any CPU.Build.0 = Release|Any CPU
		{4BADD810-0852-4FD1-9602-BD1FEB14F583}.Debug|Any CPU.ActiveCfg = Debug|Any CPU
		{4BADD810-0852-4FD1-9602-BD1FEB14F583}.Debug|Any CPU.Build.0 = Debug|Any CPU
		{4BADD810-0852-4FD1-9602-BD1FEB14F583}.Release|Any CPU.ActiveCfg = Release|Any CPU
		{4BADD810-0852-4FD1-9602-BD1FEB14F583}.Release|Any CPU.Build.0 = Release|Any CPU
	EndGlobalSection
	GlobalSection(SolutionProperties) = preSolution
		HideSolutionNode = FALSE
	EndGlobalSection
	GlobalSection(ExtensibilityGlobals) = postSolution
		SolutionGuid = {A6C819C2-61B9-4BC8-A2C0-C1FF8678C9B5}
	EndGlobalSection
EndGlobal
